
Microsoft Visual Studio Solution File, Format Version 12.00
# Visual Studio Version 16
VisualStudioVersion = 16.0.30611.23
MinimumVisualStudioVersion = 10.0.40219.1
Project("{FAE04EC0-301F-11D3-BF4B-00C04F79EFBC}") = "EMobiTestUI", "EMobiTestUI\EMobiTestUI.csproj", "{5571342D-8719-4713-B3CA-97D8843AC1CC}"
EndProject
Global
	GlobalSection(SolutionConfigurationPlatforms) = preSolution
		Debug|Any CPU = Debug|Any CPU
		Release|Any CPU = Release|Any CPU
	EndGlobalSection
	GlobalSection(ProjectConfigurationPlatforms) = postSolution
		{5571342D-8719-4713-B3CA-97D8843AC1CC}.Debug|Any CPU.ActiveCfg = Debug|Any CPU
		{5571342D-8719-4713-B3CA-97D8843AC1CC}.Debug|Any CPU.Build.0 = Debug|Any CPU
		{5571342D-8719-4713-B3CA-97D8843AC1CC}.Release|Any CPU.ActiveCfg = Release|Any CPU
		{5571342D-8719-4713-B3CA-97D8843AC1CC}.Release|Any CPU.Build.0 = Release|Any CPU
	EndGlobalSection
	GlobalSection(SolutionProperties) = preSolution
		HideSolutionNode = FALSE
	EndGlobalSection
	GlobalSection(ExtensibilityGlobals) = postSolution
		SolutionGuid = {96A36E03-CEA2-41B4-87CF-5764596A02BD}
	EndGlobalSection
EndGlobal
